
Microsoft Visual Studio Solution File, Format Version 12.00
# Visual Studio Version 17
VisualStudioVersion = 17.11.35327.3
MinimumVisualStudioVersion = 10.0.40219.1
Project("{FAE04EC0-301F-11D3-BF4B-00C04F79EFBC}") = "TestTokenApp2", "TestTokenApp2\TestTokenApp2.csproj", "{9D873171-8EAC-4AB5-A5A6-3A6D164F0E5F}"
EndProject
Global
	GlobalSection(SolutionConfigurationPlatforms) = preSolution
		Debug|Any CPU = Debug|Any CPU
		Release|Any CPU = Release|Any CPU
	EndGlobalSection
	GlobalSection(ProjectConfigurationPlatforms) = postSolution
		{9D873171-8EAC-4AB5-A5A6-3A6D164F0E5F}.Debug|Any CPU.ActiveCfg = Debug|Any CPU
		{9D873171-8EAC-4AB5-A5A6-3A6D164F0E5F}.Debug|Any CPU.Build.0 = Debug|Any CPU
		{9D873171-8EAC-4AB5-A5A6-3A6D164F0E5F}.Release|Any CPU.ActiveCfg = Release|Any CPU
		{9D873171-8EAC-4AB5-A5A6-3A6D164F0E5F}.Release|Any CPU.Build.0 = Release|Any CPU
	EndGlobalSection
	GlobalSection(SolutionProperties) = preSolution
		HideSolutionNode = FALSE
	EndGlobalSection
	GlobalSection(ExtensibilityGlobals) = postSolution
		SolutionGuid = {972C6D23-0B52-4C7C-802A-1AD6BCAE33C4}
	EndGlobalSection
EndGlobal
